{
  "originHash" : "416bff9bf15a2c6bc1a31f1ef71c81d2b252a9aded164d1f449bc42155d5d492",
  "pins" : [
    {
      "identity" : "igstorybuttonkit",
      "kind" : "remoteSourceControl",
      "location" : "https://github.com/KaoruMuta/IGStoryButtonKit.git",
      "state" : {
        "revision" : "5b2617f169275eac73545b281e8d69f98a172f1c",
        "version" : "1.0.2"
      }
    },
    {
      "identity" : "sdwebimage",
      "kind" : "remoteSourceControl",
      "location" : "https://github.com/SDWebImage/SDWebImage.git",
      "state" : {
        "revision" : "2053b120767c42a70bcba21095f34e4cfb54a75d",
        "version" : "5.21.3"
      }
    }
  ],
  "version" : 3
}
