{
  "originHash" : "9149e2b147e3b81a90ef110e441b699db1cd08f7170e99f8eabe9dd3dce97c88",
  "pins" : [
    {
      "identity" : "igstorybuttonkit",
      "kind" : "remoteSourceControl",
      "location" : "https://github.com/KaoruMuta/IGStoryButtonKit.git",
      "state" : {
        "revision" : "5b2617f169275eac73545b281e8d69f98a172f1c",
        "version" : "1.0.2"
      }
    },
    {
      "identity" : "jsringview",
      "kind" : "remoteSourceControl",
      "location" : "https://github.com/jsantolaria/JSRingView",
      "state" : {
        "revision" : "13a4507f4f103d3ee689898e0ae609b2e6395f12",
        "version" : "0.1.0"
      }
    },
    {
      "identity" : "sdwebimage",
      "kind" : "remoteSourceControl",
      "location" : "https://github.com/SDWebImage/SDWebImage.git",
      "state" : {
        "revision" : "2053b120767c42a70bcba21095f34e4cfb54a75d",
        "version" : "5.21.3"
      }
    }
  ],
  "version" : 3
}
