{
  "originHash" : "43c3f0985acd43259d5ffa01bf0b58c86424dd8f659580f834e1080ba557dfd5",
  "pins" : [
    {
      "identity" : "jsringview",
      "kind" : "remoteSourceControl",
      "location" : "https://github.com/jsantolaria/JSRingView",
      "state" : {
        "revision" : "13a4507f4f103d3ee689898e0ae609b2e6395f12",
        "version" : "0.1.0"
      }
    },
    {
      "identity" : "sdwebimage",
      "kind" : "remoteSourceControl",
      "location" : "https://github.com/SDWebImage/SDWebImage.git",
      "state" : {
        "revision" : "2053b120767c42a70bcba21095f34e4cfb54a75d",
        "version" : "5.21.3"
      }
    }
  ],
  "version" : 3
}
